
Microsoft Visual Studio Solution File, Format Version 12.00
# Visual Studio Version 16
VisualStudioVersion = 16.0.31129.286
MinimumVisualStudioVersion = 10.0.40219.1
Project("{9A19103F-16F7-4668-BE54-9A1E7A4F7556}") = "WareHouseManger", "WareHouseManger\WareHouseManger.csproj", "{6265F908-DBCB-46BF-9C98-88E676FB5415}"
EndProject
Project("{FAE04EC0-301F-11D3-BF4B-00C04F79EFBC}") = "RDLC", "RDLC\RDLC.csproj", "{7B3C7FC4-14F3-4430-9471-84FD7C9256C0}"
EndProject
Global
	GlobalSection(SolutionConfigurationPlatforms) = preSolution
		Debug|Any CPU = Debug|Any CPU
		Release|Any CPU = Release|Any CPU
	EndGlobalSection
	GlobalSection(ProjectConfigurationPlatforms) = postSolution
		{6265F908-DBCB-46BF-9C98-88E676FB5415}.Debug|Any CPU.ActiveCfg = Debug|Any CPU
		{6265F908-DBCB-46BF-9C98-88E676FB5415}.Debug|Any CPU.Build.0 = Debug|Any CPU
		{6265F908-DBCB-46BF-9C98-88E676FB5415}.Release|Any CPU.ActiveCfg = Release|Any CPU
		{6265F908-DBCB-46BF-9C98-88E676FB5415}.Release|Any CPU.Build.0 = Release|Any CPU
		{7B3C7FC4-14F3-4430-9471-84FD7C9256C0}.Debug|Any CPU.ActiveCfg = Debug|Any CPU
		{7B3C7FC4-14F3-4430-9471-84FD7C9256C0}.Debug|Any CPU.Build.0 = Debug|Any CPU
		{7B3C7FC4-14F3-4430-9471-84FD7C9256C0}.Release|Any CPU.ActiveCfg = Release|Any CPU
		{7B3C7FC4-14F3-4430-9471-84FD7C9256C0}.Release|Any CPU.Build.0 = Release|Any CPU
	EndGlobalSection
	GlobalSection(SolutionProperties) = preSolution
		HideSolutionNode = FALSE
	EndGlobalSection
	GlobalSection(ExtensibilityGlobals) = postSolution
		SolutionGuid = {1F12F834-2B6D-4540-B78D-50D29F12C6DA}
	EndGlobalSection
EndGlobal
